
Microsoft Visual Studio Solution File, Format Version 12.00
# Visual Studio Version 17
VisualStudioVersion = 17.6.33829.357
MinimumVisualStudioVersion = 10.0.40219.1
Project("{FAE04EC0-301F-11D3-BF4B-00C04F79EFBC}") = "ArchivoCorreos", "ArchivoCorreos\ArchivoCorreos.csproj", "{13B2BE64-6EFB-4F21-A03E-529472078311}"
EndProject
Global
	GlobalSection(SolutionConfigurationPlatforms) = preSolution
		Debug|Any CPU = Debug|Any CPU
		Release|Any CPU = Release|Any CPU
	EndGlobalSection
	GlobalSection(ProjectConfigurationPlatforms) = postSolution
		{13B2BE64-6EFB-4F21-A03E-529472078311}.Debug|Any CPU.ActiveCfg = Debug|Any CPU
		{13B2BE64-6EFB-4F21-A03E-529472078311}.Debug|Any CPU.Build.0 = Debug|Any CPU
		{13B2BE64-6EFB-4F21-A03E-529472078311}.Release|Any CPU.ActiveCfg = Release|Any CPU
		{13B2BE64-6EFB-4F21-A03E-529472078311}.Release|Any CPU.Build.0 = Release|Any CPU
	EndGlobalSection
	GlobalSection(SolutionProperties) = preSolution
		HideSolutionNode = FALSE
	EndGlobalSection
	GlobalSection(ExtensibilityGlobals) = postSolution
		SolutionGuid = {092D4B8A-2FAA-479A-A650-B0D035C0DC22}
	EndGlobalSection
EndGlobal
